
Microsoft Visual Studio Solution File, Format Version 12.00
# Visual Studio Version 17
VisualStudioVersion = 17.9.34728.123
MinimumVisualStudioVersion = 10.0.40219.1
Project("{FAE04EC0-301F-11D3-BF4B-00C04F79EFBC}") = "UVS_Thread_Exercise", "UVS_Thread_Exercise.csproj", "{9DE6B7E3-FD5A-42D1-ACBC-035BA41D7641}"
EndProject
Global
	GlobalSection(SolutionConfigurationPlatforms) = preSolution
		Debug|Any CPU = Debug|Any CPU
		Release|Any CPU = Release|Any CPU
	EndGlobalSection
	GlobalSection(ProjectConfigurationPlatforms) = postSolution
		{9DE6B7E3-FD5A-42D1-ACBC-035BA41D7641}.Debug|Any CPU.ActiveCfg = Debug|Any CPU
		{9DE6B7E3-FD5A-42D1-ACBC-035BA41D7641}.Debug|Any CPU.Build.0 = Debug|Any CPU
		{9DE6B7E3-FD5A-42D1-ACBC-035BA41D7641}.Release|Any CPU.ActiveCfg = Release|Any CPU
		{9DE6B7E3-FD5A-42D1-ACBC-035BA41D7641}.Release|Any CPU.Build.0 = Release|Any CPU
	EndGlobalSection
	GlobalSection(SolutionProperties) = preSolution
		HideSolutionNode = FALSE
	EndGlobalSection
	GlobalSection(ExtensibilityGlobals) = postSolution
		SolutionGuid = {E5E27521-4B8A-45D9-B01B-6D15D0FB86D3}
	EndGlobalSection
EndGlobal
